
Microsoft Visual Studio Solution File, Format Version 12.00
# Visual Studio 15
VisualStudioVersion = 15.0.27703.2026
MinimumVisualStudioVersion = 10.0.40219.1
Project("{FAE04EC0-301F-11D3-BF4B-00C04F79EFBC}") = "GithubRepositoriesSearch", "GithubRepositoriesSearch\GithubRepositoriesSearch.csproj", "{49596F37-D83D-4FC0-923D-8F862C25EB79}"
EndProject
Global
	GlobalSection(SolutionConfigurationPlatforms) = preSolution
		Debug|Any CPU = Debug|Any CPU
		Release|Any CPU = Release|Any CPU
	EndGlobalSection
	GlobalSection(ProjectConfigurationPlatforms) = postSolution
		{49596F37-D83D-4FC0-923D-8F862C25EB79}.Debug|Any CPU.ActiveCfg = Debug|Any CPU
		{49596F37-D83D-4FC0-923D-8F862C25EB79}.Debug|Any CPU.Build.0 = Debug|Any CPU
		{49596F37-D83D-4FC0-923D-8F862C25EB79}.Release|Any CPU.ActiveCfg = Release|Any CPU
		{49596F37-D83D-4FC0-923D-8F862C25EB79}.Release|Any CPU.Build.0 = Release|Any CPU
	EndGlobalSection
	GlobalSection(SolutionProperties) = preSolution
		HideSolutionNode = FALSE
	EndGlobalSection
	GlobalSection(ExtensibilityGlobals) = postSolution
		SolutionGuid = {96BF2D08-1867-41A9-81A3-4B7755309052}
	EndGlobalSection
EndGlobal
